<?xml version="1.0" encoding="utf-8"?>
<Project ToolsVersion="4.0" xmlns="http://schemas.microsoft.com/developer/msbuild/2003">
  <ItemGroup>
    <Filter Include="Source Files">
      <UniqueIdentifier>{4FC737F1-C7A5-4376-A066-2A32D752A2FF}</UniqueIdentifier>
      <Extensions>cpp;c;cc;cxx;c++;cppm;ixx;def;odl;idl;hpj;bat;asm;asmx</Extensions>
    </Filter>
    <Filter Include="Header Files">
      <UniqueIdentifier>{93995380-89BD-4b04-88EB-625FBE52EBFB}</UniqueIdentifier>
      <Extensions>h;hh;hpp;hxx;h++;hm;inl;inc;ipp;xsd</Extensions>
    </Filter>
    <Filter Include="Resource Files">
      <UniqueIdentifier>{67DA6AB6-F800-4c08-8B7A-83BB121AAD01}</UniqueIdentifier>
      <Extensions>rc;ico;cur;bmp;dlg;rc2;rct;bin;rgs;gif;jpg;jpeg;jpe;resx;tiff;tif;png;wav;mfcribbon-ms</Extensions>
    </Filter>
  </ItemGroup>
  <ItemGroup>
    <ClCompile Include="Main.cpp">
      <Filter>Source Files</Filter>
    </ClCompile>
    <ClCompile Include="..\..\..\..\..\..\..\..\GameDev\GLAD\src\glad.c">
      <Filter>Source Files</Filter>
    </ClCompile>
    <ClCompile Include="Window.cpp">
      <Filter>Source Files</Filter>
    </ClCompile>
    <ClCompile Include="VertexShaderLoader.cpp">
      <Filter>Source Files</Filter>
    </ClCompile>
    <ClCompile Include="FragmentShaderLoader.cpp">
      <Filter>Source Files</Filter>
    </ClCompile>
    <ClCompile Include="ShaderProgram.cpp">
      <Filter>Source Files</Filter>
    </ClCompile>
    <ClCompile Include="Camera.cpp">
      <Filter>Source Files</Filter>
    </ClCompile>
    <ClCompile Include="Color.cpp">
      <Filter>Source Files</Filter>
    </ClCompile>
    <ClCompile Include="Lighting.cpp">
      <Filter>Source Files</Filter>
    </ClCompile>
    <ClCompile Include="Mesh.cpp">
      <Filter>Source Files</Filter>
    </ClCompile>
    <ClCompile Include="Model.cpp">
      <Filter>Source Files</Filter>
    </ClCompile>
    <ClCompile Include="Blending.cpp">
      <Filter>Source Files</Filter>
    </ClCompile>
    <ClCompile Include="FaceCulling.cpp">
      <Filter>Source Files</Filter>
    </ClCompile>
    <ClCompile Include="FrameBuffer.cpp">
      <Filter>Source Files</Filter>
    </ClCompile>
    <ClCompile Include="Skybox.cpp">
      <Filter>Source Files</Filter>
    </ClCompile>
    <ClCompile Include="AdvancedData.cpp">
      <Filter>Source Files</Filter>
    </ClCompile>
    <ClCompile Include="GeometryShader.cpp">
      <Filter>Source Files</Filter>
    </ClCompile>
    <ClCompile Include="Instancing.cpp">
      <Filter>Source Files</Filter>
    </ClCompile>
    <ClCompile Include="AntiAliasing.cpp">
      <Filter>Source Files</Filter>
    </ClCompile>
    <ClCompile Include="AdvancedLighting.cpp">
      <Filter>Source Files</Filter>
    </ClCompile>
    <ClCompile Include="GammaCorrection.cpp">
      <Filter>Source Files</Filter>
    </ClCompile>
    <ClCompile Include="ShadowMapping.cpp">
      <Filter>Source Files</Filter>
    </ClCompile>
    <ClCompile Include="PointShadows.cpp">
      <Filter>Source Files</Filter>
    </ClCompile>
  </ItemGroup>
  <ItemGroup>
    <ClInclude Include="Window.h">
      <Filter>Header Files</Filter>
    </ClInclude>
    <ClInclude Include="VertexShaderLoader.h">
      <Filter>Header Files</Filter>
    </ClInclude>
    <ClInclude Include="FragmentShaderLoader.h">
      <Filter>Header Files</Filter>
    </ClInclude>
    <ClInclude Include="ShaderProgram.h">
      <Filter>Header Files</Filter>
    </ClInclude>
    <ClInclude Include="stb_image.h">
      <Filter>Header Files</Filter>
    </ClInclude>
    <ClInclude Include="Camera.h">
      <Filter>Header Files</Filter>
    </ClInclude>
    <ClInclude Include="Color.h">
      <Filter>Header Files</Filter>
    </ClInclude>
    <ClInclude Include="Lighting.h">
      <Filter>Header Files</Filter>
    </ClInclude>
    <ClInclude Include="Mesh.h">
      <Filter>Header Files</Filter>
    </ClInclude>
    <ClInclude Include="Model.h">
      <Filter>Header Files</Filter>
    </ClInclude>
    <ClInclude Include="Blending.h">
      <Filter>Header Files</Filter>
    </ClInclude>
    <ClInclude Include="FaceCulling.h">
      <Filter>Header Files</Filter>
    </ClInclude>
    <ClInclude Include="FrameBuffer.h">
      <Filter>Header Files</Filter>
    </ClInclude>
    <ClInclude Include="Skybox.h">
      <Filter>Header Files</Filter>
    </ClInclude>
    <ClInclude Include="AdvancedData.h">
      <Filter>Header Files</Filter>
    </ClInclude>
    <ClInclude Include="GeometryShader.h">
      <Filter>Header Files</Filter>
    </ClInclude>
    <ClInclude Include="Instancing.h">
      <Filter>Header Files</Filter>
    </ClInclude>
    <ClInclude Include="AntiAliasing.h">
      <Filter>Header Files</Filter>
    </ClInclude>
    <ClInclude Include="AdvancedLighting.h">
      <Filter>Header Files</Filter>
    </ClInclude>
    <ClInclude Include="GammaCorrection.h">
      <Filter>Header Files</Filter>
    </ClInclude>
    <ClInclude Include="ShadowMapping.h">
      <Filter>Header Files</Filter>
    </ClInclude>
    <ClInclude Include="PointShadows.h">
      <Filter>Header Files</Filter>
    </ClInclude>
  </ItemGroup>
  <ItemGroup>
    <None Include="VertexShader.glsl" />
    <None Include="FragmentShader.glsl" />
    <None Include="LightCubeVertexShader.glsl" />
    <None Include="LightCubeFragmentShader.glsl" />
    <None Include="LightingVertexShader.glsl" />
    <None Include="LightingFragmentShader.glsl" />
    <None Include="ModelVertexShader.glsl" />
    <None Include="ModelFragmentShader.glsl" />
    <None Include="DepthTestVertexShader.glsl" />
    <None Include="DepthTestFragmentShader.glsl" />
    <None Include="ColorVertexShader.glsl" />
    <None Include="ColorFragmentShader.glsl" />
    <None Include="TextureVertexShader.glsl" />
    <None Include="TextureFragmentShader.glsl" />
    <None Include="InversionVertexShader.glsl" />
    <None Include="InversionFragmentShader.glsl" />
    <None Include="GreyscaleVertexShader.glsl" />
    <None Include="GreyscaleFragmentShader.glsl" />
    <None Include="KernelVertexShader.glsl" />
    <None Include="KernelFragmentShader.glsl" />
    <None Include="SkyboxVertexShader.glsl" />
    <None Include="SkyboxFragmentShader.glsl" />
    <None Include="EnvironmentMappingVertexShader.glsl" />
    <None Include="EnvironmentMappingFragmentShader.glsl" />
    <None Include="AdvancedGLSLVertexShader.glsl" />
    <None Include="RedFragmentShader.glsl" />
    <None Include="GreenFragmentShader.glsl" />
    <None Include="BlueFragmentShader.glsl" />
    <None Include="YellowFragmentShader.glsl" />
    <None Include="GeometryVertexShader.glsl" />
    <None Include="GeometryFragmentShader.glsl" />
    <None Include="GeometryShader.glsl" />
    <None Include="InstancingVertexShader.glsl" />
    <None Include="InstancingFragmentShader.glsl" />
    <None Include="AntiAliasingVertexShader.glsl" />
    <None Include="AntiAliasingFragmentShader.glsl" />
    <None Include="AntiAliasingPostVertexShader.glsl" />
    <None Include="AntiAliasingPostFragmentShader.glsl" />
    <None Include="AdvancedLightingVertexShader.glsl" />
    <None Include="AdvancedLightingFragmentShader.glsl" />
    <None Include="GammaCorrectionVertexShader.glsl" />
    <None Include="GammaCorrectionFragmentShader.glsl" />
    <None Include="SimpleDepthVertexShader.glsl" />
    <None Include="SimpleDepthFragmentShader.glsl" />
    <None Include="QuadDepthVertexShader.glsl" />
    <None Include="QuadDepthFragmentShader.glsl" />
    <None Include="ShadowMappingVertexShader.glsl" />
    <None Include="ShadowMappingFragmentShader.glsl" />
    <None Include="PointShadowsVertexShader.glsl" />
    <None Include="PointShadowsFragmentShader.glsl" />
    <None Include="PointShadowsDepthVertexShader.glsl" />
    <None Include="PointShadowsDepthFragmentShader.glsl" />
    <None Include="PointShadowsDepthGeometryShader.glsl" />
  </ItemGroup>
</Project>